
Microsoft Visual Studio Solution File, Format Version 12.00
# Visual Studio Version 16
VisualStudioVersion = 16.0.30804.86
MinimumVisualStudioVersion = 10.0.40219.1
Project("{FAE04EC0-301F-11D3-BF4B-00C04F79EFBC}") = "ChallengeOne.Tests", "ChallengeOne.Tests\ChallengeOne.Tests.csproj", "{E8A36D92-9176-4C9D-AA99-4863466AFD1F}"
EndProject
Project("{2150E333-8FDC-42A3-9474-1A3956D46DE8}") = "ChallengeOne", "ChallengeOne", "{588E6BFB-04EE-452A-842C-0F7FAF288FE5}"
EndProject
Project("{FAE04EC0-301F-11D3-BF4B-00C04F79EFBC}") = "ChallengeOne.Repo", "ChallengeOne.Repo\ChallengeOne.Repo.csproj", "{886E332F-DCD9-405A-AEC3-FE60857348B1}"
EndProject
Project("{FAE04EC0-301F-11D3-BF4B-00C04F79EFBC}") = "Program", "Program\Program.csproj", "{DE0D130A-EC87-477A-9C0B-5637785F01CE}"
EndProject
Project("{2150E333-8FDC-42A3-9474-1A3956D46DE8}") = "ChallengeTwo", "ChallengeTwo", "{8B352D95-B00F-4471-BD2C-CC0F8AE04AA2}"
EndProject
Project("{FAE04EC0-301F-11D3-BF4B-00C04F79EFBC}") = "ChallengeTwo.Tests", "ChallengeTwo.Tests\ChallengeTwo.Tests.csproj", "{51B34FE6-89BF-4DCF-A39B-B7BE059CD8BD}"
EndProject
Project("{FAE04EC0-301F-11D3-BF4B-00C04F79EFBC}") = "ChallengeTwo.Repo", "ChallengeTwo.Repo\ChallengeTwo.Repo.csproj", "{3EA05E28-9923-4713-8047-879F8608AD99}"
EndProject
Project("{FAE04EC0-301F-11D3-BF4B-00C04F79EFBC}") = "ChallengeTwo.Program", "ChallengeTwo.Program\ChallengeTwo.Program.csproj", "{2D3B57D8-0190-48B7-AAB9-CF522C82FCA7}"
EndProject
Project("{2150E333-8FDC-42A3-9474-1A3956D46DE8}") = "ChallengeThree", "ChallengeThree", "{9232CAF6-80E7-4D6A-AB68-F9E86C10EAAE}"
EndProject
Project("{FAE04EC0-301F-11D3-BF4B-00C04F79EFBC}") = "ChallengeThree.Tests", "ChallengeThree.Tests\ChallengeThree.Tests.csproj", "{779D744C-87BD-47E7-BBEB-30A13220F4B6}"
EndProject
Project("{FAE04EC0-301F-11D3-BF4B-00C04F79EFBC}") = "ChallengeThree.Repo", "ChallengeThree.Repo\ChallengeThree.Repo.csproj", "{21EE3924-598B-4535-B236-3ED93C0F6D84}"
EndProject
Project("{FAE04EC0-301F-11D3-BF4B-00C04F79EFBC}") = "ChallengeThree.Program", "ChallengeThree.Program\ChallengeThree.Program.csproj", "{D69B76C8-7F57-4D29-BDBC-9F429A799A79}"
EndProject
Global
	GlobalSection(SolutionConfigurationPlatforms) = preSolution
		Debug|Any CPU = Debug|Any CPU
		Release|Any CPU = Release|Any CPU
	EndGlobalSection
	GlobalSection(ProjectConfigurationPlatforms) = postSolution
		{E8A36D92-9176-4C9D-AA99-4863466AFD1F}.Debug|Any CPU.ActiveCfg = Debug|Any CPU
		{E8A36D92-9176-4C9D-AA99-4863466AFD1F}.Debug|Any CPU.Build.0 = Debug|Any CPU
		{E8A36D92-9176-4C9D-AA99-4863466AFD1F}.Release|Any CPU.ActiveCfg = Release|Any CPU
		{E8A36D92-9176-4C9D-AA99-4863466AFD1F}.Release|Any CPU.Build.0 = Release|Any CPU
		{886E332F-DCD9-405A-AEC3-FE60857348B1}.Debug|Any CPU.ActiveCfg = Debug|Any CPU
		{886E332F-DCD9-405A-AEC3-FE60857348B1}.Debug|Any CPU.Build.0 = Debug|Any CPU
		{886E332F-DCD9-405A-AEC3-FE60857348B1}.Release|Any CPU.ActiveCfg = Release|Any CPU
		{886E332F-DCD9-405A-AEC3-FE60857348B1}.Release|Any CPU.Build.0 = Release|Any CPU
		{DE0D130A-EC87-477A-9C0B-5637785F01CE}.Debug|Any CPU.ActiveCfg = Debug|Any CPU
		{DE0D130A-EC87-477A-9C0B-5637785F01CE}.Debug|Any CPU.Build.0 = Debug|Any CPU
		{DE0D130A-EC87-477A-9C0B-5637785F01CE}.Release|Any CPU.ActiveCfg = Release|Any CPU
		{DE0D130A-EC87-477A-9C0B-5637785F01CE}.Release|Any CPU.Build.0 = Release|Any CPU
		{51B34FE6-89BF-4DCF-A39B-B7BE059CD8BD}.Debug|Any CPU.ActiveCfg = Debug|Any CPU
		{51B34FE6-89BF-4DCF-A39B-B7BE059CD8BD}.Debug|Any CPU.Build.0 = Debug|Any CPU
		{51B34FE6-89BF-4DCF-A39B-B7BE059CD8BD}.Release|Any CPU.ActiveCfg = Release|Any CPU
		{51B34FE6-89BF-4DCF-A39B-B7BE059CD8BD}.Release|Any CPU.Build.0 = Release|Any CPU
		{3EA05E28-9923-4713-8047-879F8608AD99}.Debug|Any CPU.ActiveCfg = Debug|Any CPU
		{3EA05E28-9923-4713-8047-879F8608AD99}.Debug|Any CPU.Build.0 = Debug|Any CPU
		{3EA05E28-9923-4713-8047-879F8608AD99}.Release|Any CPU.ActiveCfg = Release|Any CPU
		{3EA05E28-9923-4713-8047-879F8608AD99}.Release|Any CPU.Build.0 = Release|Any CPU
		{2D3B57D8-0190-48B7-AAB9-CF522C82FCA7}.Debug|Any CPU.ActiveCfg = Debug|Any CPU
		{2D3B57D8-0190-48B7-AAB9-CF522C82FCA7}.Debug|Any CPU.Build.0 = Debug|Any CPU
		{2D3B57D8-0190-48B7-AAB9-CF522C82FCA7}.Release|Any CPU.ActiveCfg = Release|Any CPU
		{2D3B57D8-0190-48B7-AAB9-CF522C82FCA7}.Release|Any CPU.Build.0 = Release|Any CPU
		{779D744C-87BD-47E7-BBEB-30A13220F4B6}.Debug|Any CPU.ActiveCfg = Debug|Any CPU
		{779D744C-87BD-47E7-BBEB-30A13220F4B6}.Debug|Any CPU.Build.0 = Debug|Any CPU
		{779D744C-87BD-47E7-BBEB-30A13220F4B6}.Release|Any CPU.ActiveCfg = Release|Any CPU
		{779D744C-87BD-47E7-BBEB-30A13220F4B6}.Release|Any CPU.Build.0 = Release|Any CPU
		{21EE3924-598B-4535-B236-3ED93C0F6D84}.Debug|Any CPU.ActiveCfg = Debug|Any CPU
		{21EE3924-598B-4535-B236-3ED93C0F6D84}.Debug|Any CPU.Build.0 = Debug|Any CPU
		{21EE3924-598B-4535-B236-3ED93C0F6D84}.Release|Any CPU.ActiveCfg = Release|Any CPU
		{21EE3924-598B-4535-B236-3ED93C0F6D84}.Release|Any CPU.Build.0 = Release|Any CPU
		{D69B76C8-7F57-4D29-BDBC-9F429A799A79}.Debug|Any CPU.ActiveCfg = Debug|Any CPU
		{D69B76C8-7F57-4D29-BDBC-9F429A799A79}.Debug|Any CPU.Build.0 = Debug|Any CPU
		{D69B76C8-7F57-4D29-BDBC-9F429A799A79}.Release|Any CPU.ActiveCfg = Release|Any CPU
		{D69B76C8-7F57-4D29-BDBC-9F429A799A79}.Release|Any CPU.Build.0 = Release|Any CPU
	EndGlobalSection
	GlobalSection(SolutionProperties) = preSolution
		HideSolutionNode = FALSE
	EndGlobalSection
	GlobalSection(NestedProjects) = preSolution
		{E8A36D92-9176-4C9D-AA99-4863466AFD1F} = {588E6BFB-04EE-452A-842C-0F7FAF288FE5}
		{886E332F-DCD9-405A-AEC3-FE60857348B1} = {588E6BFB-04EE-452A-842C-0F7FAF288FE5}
		{DE0D130A-EC87-477A-9C0B-5637785F01CE} = {588E6BFB-04EE-452A-842C-0F7FAF288FE5}
		{51B34FE6-89BF-4DCF-A39B-B7BE059CD8BD} = {8B352D95-B00F-4471-BD2C-CC0F8AE04AA2}
		{3EA05E28-9923-4713-8047-879F8608AD99} = {8B352D95-B00F-4471-BD2C-CC0F8AE04AA2}
		{2D3B57D8-0190-48B7-AAB9-CF522C82FCA7} = {8B352D95-B00F-4471-BD2C-CC0F8AE04AA2}
		{779D744C-87BD-47E7-BBEB-30A13220F4B6} = {9232CAF6-80E7-4D6A-AB68-F9E86C10EAAE}
		{21EE3924-598B-4535-B236-3ED93C0F6D84} = {9232CAF6-80E7-4D6A-AB68-F9E86C10EAAE}
		{D69B76C8-7F57-4D29-BDBC-9F429A799A79} = {9232CAF6-80E7-4D6A-AB68-F9E86C10EAAE}
	EndGlobalSection
	GlobalSection(ExtensibilityGlobals) = postSolution
		SolutionGuid = {4291588C-A471-4456-B5B2-18B33365A546}
	EndGlobalSection
EndGlobal
